
Microsoft Visual Studio Solution File, Format Version 12.00
# Visual Studio Version 17
VisualStudioVersion = 17.0.31903.59
MinimumVisualStudioVersion = 10.0.40219.1
Project("{FAE04EC0-301F-11D3-BF4B-00C04F79EFBC}") = "PrinterSpoolParser", "PrinterSpoolParser\PrinterSpoolParser.csproj", "{C51EB84B-D965-45CB-B5FE-39DE83CAFFEC}"
EndProject
Global
	GlobalSection(SolutionConfigurationPlatforms) = preSolution
		Debug|Any CPU = Debug|Any CPU
		Release|Any CPU = Release|Any CPU
	EndGlobalSection
	GlobalSection(ProjectConfigurationPlatforms) = postSolution
		{C51EB84B-D965-45CB-B5FE-39DE83CAFFEC}.Debug|Any CPU.ActiveCfg = Debug|Any CPU
		{C51EB84B-D965-45CB-B5FE-39DE83CAFFEC}.Debug|Any CPU.Build.0 = Debug|Any CPU
		{C51EB84B-D965-45CB-B5FE-39DE83CAFFEC}.Release|Any CPU.ActiveCfg = Release|Any CPU
		{C51EB84B-D965-45CB-B5FE-39DE83CAFFEC}.Release|Any CPU.Build.0 = Release|Any CPU
	EndGlobalSection
	GlobalSection(SolutionProperties) = preSolution
		HideSolutionNode = FALSE
	EndGlobalSection
	GlobalSection(ExtensibilityGlobals) = postSolution
		SolutionGuid = {6A7F3687-8A40-48AF-950D-657F194DFA3A}
	EndGlobalSection
EndGlobal
